// !$*UTF8*$!
{
	archiveVersion = 1;
	classes = {
	};
	objectVersion = 50;
	objects = {

/* Begin PBXBuildFile section */
		74B9DCEE2129F45600B79B15 /* AppDelegate.m in Sources */ = {isa = PBXBuildFile; fileRef = 74B9DCED2129F45600B79B15 /* AppDelegate.m */; };
		74B9DCF12129F45600B79B15 /* ViewController.m in Sources */ = {isa = PBXBuildFile; fileRef = 74B9DCF02129F45600B79B15 /* ViewController.m */; };
		74B9DCF42129F45600B79B15 /* Main.storyboard in Resources */ = {isa = PBXBuildFile; fileRef = 74B9DCF22129F45600B79B15 /* Main.storyboard */; };
		74B9DCF62129F45700B79B15 /* Assets.xcassets in Resources */ = {isa = PBXBuildFile; fileRef = 74B9DCF52129F45700B79B15 /* Assets.xcassets */; };
		74B9DCF92129F45700B79B15 /* LaunchScreen.storyboard in Resources */ = {isa = PBXBuildFile; fileRef = 74B9DCF72129F45700B79B15 /* LaunchScreen.storyboard */; };
		74B9DCFC2129F45800B79B15 /* main.m in Sources */ = {isa = PBXBuildFile; fileRef = 74B9DCFB2129F45800B79B15 /* main.m */; };
		74B9DD062129F45800B79B15 /* testappTests.m in Sources */ = {isa = PBXBuildFile; fileRef = 74B9DD052129F45800B79B15 /* testappTests.m */; };
		74B9DD112129F45800B79B15 /* testappUITests.m in Sources */ = {isa = PBXBuildFile; fileRef = 74B9DD102129F45800B79B15 /* testappUITests.m */; };
/* End PBXBuildFile section */

/* Begin PBXContainerItemProxy section */
		74B9DD022129F45800B79B15 /* PBXContainerItemProxy */ = {
			isa = PBXContainerItemProxy;
			containerPortal = 74B9DCE12129F45600B79B15 /* Project object */;
			proxyType = 1;
			remoteGlobalIDString = 74B9DCE82129F45600B79B15;
			remoteInfo = testapp;
		};
		74B9DD0D2129F45800B79B15 /* PBXContainerItemProxy */ = {
			isa = PBXContainerItemProxy;
			containerPortal = 74B9DCE12129F45600B79B15 /* Project object */;
			proxyType = 1;
			remoteGlobalIDString = 74B9DCE82129F45600B79B15;
			remoteInfo = testapp;
		};
/* End PBXContainerItemProxy section */

/* Begin PBXFileReference section */
		74B9DCE92129F45600B79B15 /* testapp.app */ = {isa = PBXFileReference; explicitFileType = wrapper.application; includeInIndex = 0; path = testapp.app; sourceTree = BUILT_PRODUCTS_DIR; };
		74B9DCEC2129F45600B79B15 /* AppDelegate.h */ = {isa = PBXFileReference; lastKnownFileType = sourcecode.c.h; path = AppDelegate.h; sourceTree = "<group>"; };
		74B9DCED2129F45600B79B15 /* AppDelegate.m */ = {isa = PBXFileReference; lastKnownFileType = sourcecode.c.objc; path = AppDelegate.m; sourceTree = "<group>"; };
		74B9DCEF2129F45600B79B15 /* ViewController.h */ = {isa = PBXFileReference; lastKnownFileType = sourcecode.c.h; path = ViewController.h; sourceTree = "<group>"; };
		74B9DCF02129F45600B79B15 /* ViewController.m */ = {isa = PBXFileReference; lastKnownFileType = sourcecode.c.objc; path = ViewController.m; sourceTree = "<group>"; };
		74B9DCF32129F45600B79B15 /* Base */ = {isa = PBXFileReference; lastKnownFileType = file.storyboard; name = Base; path = Base.lproj/Main.storyboard; sourceTree = "<group>"; };
		74B9DCF52129F45700B79B15 /* Assets.xcassets */ = {isa = PBXFileReference; lastKnownFileType = folder.assetcatalog; path = Assets.xcassets; sourceTree = "<group>"; };
		74B9DCF82129F45700B79B15 /* Base */ = {isa = PBXFileReference; lastKnownFileType = file.storyboard; name = Base; path = Base.lproj/LaunchScreen.storyboard; sourceTree = "<group>"; };
		74B9DCFA2129F45800B79B15 /* Info.plist */ = {isa = PBXFileReference; lastKnownFileType = text.plist.xml; path = Info.plist; sourceTree = "<group>"; };
		74B9DCFB2129F45800B79B15 /* main.m */ = {isa = PBXFileReference; lastKnownFileType = sourcecode.c.objc; path = main.m; sourceTree = "<group>"; };
		74B9DD012129F45800B79B15 /* testappTests.xctest */ = {isa = PBXFileReference; explicitFileType = wrapper.cfbundle; includeInIndex = 0; path = testappTests.xctest; sourceTree = BUILT_PRODUCTS_DIR; };
		74B9DD052129F45800B79B15 /* testappTests.m */ = {isa = PBXFileReference; lastKnownFileType = sourcecode.c.objc; path = testappTests.m; sourceTree = "<group>"; };
		74B9DD072129F45800B79B15 /* Info.plist */ = {isa = PBXFileReference; lastKnownFileType = text.plist.xml; path = Info.plist; sourceTree = "<group>"; };
		74B9DD0C2129F45800B79B15 /* testappUITests.xctest */ = {isa = PBXFileReference; explicitFileType = wrapper.cfbundle; includeInIndex = 0; path = testappUITests.xctest; sourceTree = BUILT_PRODUCTS_DIR; };
		74B9DD102129F45800B79B15 /* testappUITests.m */ = {isa = PBXFileReference; lastKnownFileType = sourcecode.c.objc; path = testappUITests.m; sourceTree = "<group>"; };
		74B9DD122129F45800B79B15 /* Info.plist */ = {isa = PBXFileReference; lastKnownFileType = text.plist.xml; path = Info.plist; sourceTree = "<group>"; };
/* End PBXFileReference section */

/* Begin PBXFrameworksBuildPhase section */
		74B9DCE62129F45600B79B15 /* Frameworks */ = {
			isa = PBXFrameworksBuildPhase;
			buildActionMask = 2147483647;
			files = (
			);
			runOnlyForDeploymentPostprocessing = 0;
		};
		74B9DCFE2129F45800B79B15 /* Frameworks */ = {
			isa = PBXFrameworksBuildPhase;
			buildActionMask = 2147483647;
			files = (
			);
			runOnlyForDeploymentPostprocessing = 0;
		};
		74B9DD092129F45800B79B15 /* Frameworks */ = {
			isa = PBXFrameworksBuildPhase;
			buildActionMask = 2147483647;
			files = (
			);
			runOnlyForDeploymentPostprocessing = 0;
		};
/* End PBXFrameworksBuildPhase section */

/* Begin PBXGroup section */
		74B9DCE02129F45600B79B15 = {
			isa = PBXGroup;
			children = (
				74B9DCEB2129F45600B79B15 /* testapp */,
				74B9DD042129F45800B79B15 /* testappTests */,
				74B9DD0F2129F45800B79B15 /* testappUITests */,
				74B9DCEA2129F45600B79B15 /* Products */,
			);
			sourceTree = "<group>";
		};
		74B9DCEA2129F45600B79B15 /* Products */ = {
			isa = PBXGroup;
			children = (
				74B9DCE92129F45600B79B15 /* testapp.app */,
				74B9DD012129F45800B79B15 /* testappTests.xctest */,
				74B9DD0C2129F45800B79B15 /* testappUITests.xctest */,
			);
			name = Products;
			sourceTree = "<group>";
		};
		74B9DCEB2129F45600B79B15 /* testapp */ = {
			isa = PBXGroup;
			children = (
				74B9DCEC2129F45600B79B15 /* AppDelegate.h */,
				74B9DCED2129F45600B79B15 /* AppDelegate.m */,
				74B9DCEF2129F45600B79B15 /* ViewController.h */,
				74B9DCF02129F45600B79B15 /* ViewController.m */,
				74B9DCF22129F45600B79B15 /* Main.storyboard */,
				74B9DCF52129F45700B79B15 /* Assets.xcassets */,
				74B9DCF72129F45700B79B15 /* LaunchScreen.storyboard */,
				74B9DCFA2129F45800B79B15 /* Info.plist */,
				74B9DCFB2129F45800B79B15 /* main.m */,
			);
			path = testapp;
			sourceTree = "<group>";
		};
		74B9DD042129F45800B79B15 /* testappTests */ = {
			isa = PBXGroup;
			children = (
				74B9DD052129F45800B79B15 /* testappTests.m */,
				74B9DD072129F45800B79B15 /* Info.plist */,
			);
			path = testappTests;
			sourceTree = "<group>";
		};
		74B9DD0F2129F45800B79B15 /* testappUITests */ = {
			isa = PBXGroup;
			children = (
				74B9DD102129F45800B79B15 /* testappUITests.m */,
				74B9DD122129F45800B79B15 /* Info.plist */,
			);
			path = testappUITests;
			sourceTree = "<group>";
		};
/* End PBXGroup section */

/* Begin PBXNativeTarget section */
		74B9DCE82129F45600B79B15 /* testapp */ = {
			isa = PBXNativeTarget;
			buildConfigurationList = 74B9DD152129F45800B79B15 /* Build configuration list for PBXNativeTarget "testapp" */;
			buildPhases = (
				74B9DCE52129F45600B79B15 /* Sources */,
				74B9DCE62129F45600B79B15 /* Frameworks */,
				74B9DCE72129F45600B79B15 /* Resources */,
			);
			buildRules = (
			);
			dependencies = (
			);
			name = testapp;
			productName = testapp;
			productReference = 74B9DCE92129F45600B79B15 /* testapp.app */;
			productType = "com.apple.product-type.application";
		};
		74B9DD002129F45800B79B15 /* testappTests */ = {
			isa = PBXNativeTarget;
			buildConfigurationList = 74B9DD182129F45800B79B15 /* Build configuration list for PBXNativeTarget "testappTests" */;
			buildPhases = (
				74B9DCFD2129F45800B79B15 /* Sources */,
				74B9DCFE2129F45800B79B15 /* Frameworks */,
				74B9DCFF2129F45800B79B15 /* Resources */,
			);
			buildRules = (
			);
			dependencies = (
				74B9DD032129F45800B79B15 /* PBXTargetDependency */,
			);
			name = testappTests;
			productName = testappTests;
			productReference = 74B9DD012129F45800B79B15 /* testappTests.xctest */;
			productType = "com.apple.product-type.bundle.unit-test";
		};
		74B9DD0B2129F45800B79B15 /* testappUITests */ = {
			isa = PBXNativeTarget;
			buildConfigurationList = 74B9DD1B2129F45800B79B15 /* Build configuration list for PBXNativeTarget "testappUITests" */;
			buildPhases = (
				74B9DD082129F45800B79B15 /* Sources */,
				74B9DD092129F45800B79B15 /* Frameworks */,
				74B9DD0A2129F45800B79B15 /* Resources */,
			);
			buildRules = (
			);
			dependencies = (
				74B9DD0E2129F45800B79B15 /* PBXTargetDependency */,
			);
			name = testappUITests;
			productName = testappUITests;
			productReference = 74B9DD0C2129F45800B79B15 /* testappUITests.xctest */;
			productType = "com.apple.product-type.bundle.ui-testing";
		};
/* End PBXNativeTarget section */

/* Begin PBXProject section */
		74B9DCE12129F45600B79B15 /* Project object */ = {
			isa = PBXProject;
			attributes = {
				LastUpgradeCheck = 0930;
				ORGANIZATIONNAME = "Samana Tahir";
				TargetAttributes = {
					74B9DCE82129F45600B79B15 = {
						CreatedOnToolsVersion = 9.3;
					};
					74B9DD002129F45800B79B15 = {
						CreatedOnToolsVersion = 9.3;
						TestTargetID = 74B9DCE82129F45600B79B15;
					};
					74B9DD0B2129F45800B79B15 = {
						CreatedOnToolsVersion = 9.3;
						TestTargetID = 74B9DCE82129F45600B79B15;
					};
				};
			};
			buildConfigurationList = 74B9DCE42129F45600B79B15 /* Build configuration list for PBXProject "testapp" */;
			compatibilityVersion = "Xcode 9.3";
			developmentRegion = en;
			hasScannedForEncodings = 0;
			knownRegions = (
				en,
				Base,
			);
			mainGroup = 74B9DCE02129F45600B79B15;
			productRefGroup = 74B9DCEA2129F45600B79B15 /* Products */;
			projectDirPath = "";
			projectRoot = "";
			targets = (
				74B9DCE82129F45600B79B15 /* testapp */,
				74B9DD002129F45800B79B15 /* testappTests */,
				74B9DD0B2129F45800B79B15 /* testappUITests */,
			);
		};
/* End PBXProject section */

/* Begin PBXResourcesBuildPhase section */
		74B9DCE72129F45600B79B15 /* Resources */ = {
			isa = PBXResourcesBuildPhase;
			buildActionMask = 2147483647;
			files = (
				74B9DCF92129F45700B79B15 /* LaunchScreen.storyboard in Resources */,
				74B9DCF62129F45700B79B15 /* Assets.xcassets in Resources */,
				74B9DCF42129F45600B79B15 /* Main.storyboard in Resources */,
			);
			runOnlyForDeploymentPostprocessing = 0;
		};
		74B9DCFF2129F45800B79B15 /* Resources */ = {
			isa = PBXResourcesBuildPhase;
			buildActionMask = 2147483647;
			files = (
			);
			runOnlyForDeploymentPostprocessing = 0;
		};
		74B9DD0A2129F45800B79B15 /* Resources */ = {
			isa = PBXResourcesBuildPhase;
			buildActionMask = 2147483647;
			files = (
			);
			runOnlyForDeploymentPostprocessing = 0;
		};
/* End PBXResourcesBuildPhase section */

/* Begin PBXSourcesBuildPhase section */
		74B9DCE52129F45600B79B15 /* Sources */ = {
			isa = PBXSourcesBuildPhase;
			buildActionMask = 2147483647;
			files = (
				74B9DCF12129F45600B79B15 /* ViewController.m in Sources */,
				74B9DCFC2129F45800B79B15 /* main.m in Sources */,
				74B9DCEE2129F45600B79B15 /* AppDelegate.m in Sources */,
			);
			runOnlyForDeploymentPostprocessing = 0;
		};
		74B9DCFD2129F45800B79B15 /* Sources */ = {
			isa = PBXSourcesBuildPhase;
			buildActionMask = 2147483647;
			files = (
				74B9DD062129F45800B79B15 /* testappTests.m in Sources */,
			);
			runOnlyForDeploymentPostprocessing = 0;
		};
		74B9DD082129F45800B79B15 /* Sources */ = {
			isa = PBXSourcesBuildPhase;
			buildActionMask = 2147483647;
			files = (
				74B9DD112129F45800B79B15 /* testappUITests.m in Sources */,
			);
			runOnlyForDeploymentPostprocessing = 0;
		};
/* End PBXSourcesBuildPhase section */

/* Begin PBXTargetDependency section */
		74B9DD032129F45800B79B15 /* PBXTargetDependency */ = {
			isa = PBXTargetDependency;
			target = 74B9DCE82129F45600B79B15 /* testapp */;
			targetProxy = 74B9DD022129F45800B79B15 /* PBXContainerItemProxy */;
		};
		74B9DD0E2129F45800B79B15 /* PBXTargetDependency */ = {
			isa = PBXTargetDependency;
			target = 74B9DCE82129F45600B79B15 /* testapp */;
			targetProxy = 74B9DD0D2129F45800B79B15 /* PBXContainerItemProxy */;
		};
/* End PBXTargetDependency section */

/* Begin PBXVariantGroup section */
		74B9DCF22129F45600B79B15 /* Main.storyboard */ = {
			isa = PBXVariantGroup;
			children = (
				74B9DCF32129F45600B79B15 /* Base */,
			);
			name = Main.storyboard;
			sourceTree = "<group>";
		};
		74B9DCF72129F45700B79B15 /* LaunchScreen.storyboard */ = {
			isa = PBXVariantGroup;
			children = (
				74B9DCF82129F45700B79B15 /* Base */,
			);
			name = LaunchScreen.storyboard;
			sourceTree = "<group>";
		};
/* End PBXVariantGroup section */

/* Begin XCBuildConfiguration section */
		74B9DD132129F45800B79B15 /* Debug */ = {
			isa = XCBuildConfiguration;
			buildSettings = {
				ALWAYS_SEARCH_USER_PATHS = NO;
				CLANG_ANALYZER_NONNULL = YES;
				CLANG_ANALYZER_NUMBER_OBJECT_CONVERSION = YES_AGGRESSIVE;
				CLANG_CXX_LANGUAGE_STANDARD = "gnu++14";
				CLANG_CXX_LIBRARY = "libc++";
				CLANG_ENABLE_MODULES = YES;
				CLANG_ENABLE_OBJC_ARC = YES;
				CLANG_ENABLE_OBJC_WEAK = YES;
				CLANG_WARN_BLOCK_CAPTURE_AUTORELEASING = YES;
				CLANG_WARN_BOOL_CONVERSION = YES;
				CLANG_WARN_COMMA = YES;
				CLANG_WARN_CONSTANT_CONVERSION = YES;
				CLANG_WARN_DEPRECATED_OBJC_IMPLEMENTATIONS = YES;
				CLANG_WARN_DIRECT_OBJC_ISA_USAGE = YES_ERROR;
				CLANG_WARN_DOCUMENTATION_COMMENTS = YES;
				CLANG_WARN_EMPTY_BODY = YES;
				CLANG_WARN_ENUM_CONVERSION = YES;
				CLANG_WARN_INFINITE_RECURSION = YES;
				CLANG_WARN_INT_CONVERSION = YES;
				CLANG_WARN_NON_LITERAL_NULL_CONVERSION = YES;
				CLANG_WARN_OBJC_IMPLICIT_RETAIN_SELF = YES;
				CLANG_WARN_OBJC_LITERAL_CONVERSION = YES;
				CLANG_WARN_OBJC_ROOT_CLASS = YES_ERROR;
				CLANG_WARN_RANGE_LOOP_ANALYSIS = YES;
				CLANG_WARN_STRICT_PROTOTYPES = YES;
				CLANG_WARN_SUSPICIOUS_MOVE = YES;
				CLANG_WARN_UNGUARDED_AVAILABILITY = YES_AGGRESSIVE;
				CLANG_WARN_UNREACHABLE_CODE = YES;
				CLANG_WARN__DUPLICATE_METHOD_MATCH = YES;
				CODE_SIGN_IDENTITY = "iPhone Developer";
				COPY_PHASE_STRIP = NO;
				DEBUG_INFORMATION_FORMAT = dwarf;
				ENABLE_STRICT_OBJC_MSGSEND = YES;
				ENABLE_TESTABILITY = YES;
				GCC_C_LANGUAGE_STANDARD = gnu11;
				GCC_DYNAMIC_NO_PIC = NO;
				GCC_NO_COMMON_BLOCKS = YES;
				GCC_OPTIMIZATION_LEVEL = 0;
				GCC_PREPROCESSOR_DEFINITIONS = (
					"DEBUG=1",
					"$(inherited)",
				);
				GCC_WARN_64_TO_32_BIT_CONVERSION = YES;
				GCC_WARN_ABOUT_RETURN_TYPE = YES_ERROR;
				GCC_WARN_UNDECLARED_SELECTOR = YES;
				GCC_WARN_UNINITIALIZED_AUTOS = YES_AGGRESSIVE;
				GCC_WARN_UNUSED_FUNCTION = YES;
				GCC_WARN_UNUSED_VARIABLE = YES;
				IPHONEOS_DEPLOYMENT_TARGET = 11.3;
				MTL_ENABLE_DEBUG_INFO = YES;
				ONLY_ACTIVE_ARCH = YES;
				SDKROOT = iphoneos;
			};
			name = Debug;
		};
		74B9DD142129F45800B79B15 /* Release */ = {
			isa = XCBuildConfiguration;
			buildSettings = {
				ALWAYS_SEARCH_USER_PATHS = NO;
				CLANG_ANALYZER_NONNULL = YES;
				CLANG_ANALYZER_NUMBER_OBJECT_CONVERSION = YES_AGGRESSIVE;
				CLANG_CXX_LANGUAGE_STANDARD = "gnu++14";
				CLANG_CXX_LIBRARY = "libc++";
				CLANG_ENABLE_MODULES = YES;
				CLANG_ENABLE_OBJC_ARC = YES;
				CLANG_ENABLE_OBJC_WEAK = YES;
				CLANG_WARN_BLOCK_CAPTURE_AUTORELEASING = YES;
				CLANG_WARN_BOOL_CONVERSION = YES;
				CLANG_WARN_COMMA = YES;
				CLANG_WARN_CONSTANT_CONVERSION = YES;
				CLANG_WARN_DEPRECATED_OBJC_IMPLEMENTATIONS = YES;
				CLANG_WARN_DIRECT_OBJC_ISA_USAGE = YES_ERROR;
				CLANG_WARN_DOCUMENTATION_COMMENTS = YES;
				CLANG_WARN_EMPTY_BODY = YES;
				CLANG_WARN_ENUM_CONVERSION = YES;
				CLANG_WARN_INFINITE_RECURSION = YES;
				CLANG_WARN_INT_CONVERSION = YES;
				CLANG_WARN_NON_LITERAL_NULL_CONVERSION = YES;
				CLANG_WARN_OBJC_IMPLICIT_RETAIN_SELF = YES;
				CLANG_WARN_OBJC_LITERAL_CONVERSION = YES;
				CLANG_WARN_OBJC_ROOT_CLASS = YES_ERROR;
				CLANG_WARN_RANGE_LOOP_ANALYSIS = YES;
				CLANG_WARN_STRICT_PROTOTYPES = YES;
				CLANG_WARN_SUSPICIOUS_MOVE = YES;
				CLANG_WARN_UNGUARDED_AVAILABILITY = YES_AGGRESSIVE;
				CLANG_WARN_UNREACHABLE_CODE = YES;
				CLANG_WARN__DUPLICATE_METHOD_MATCH = YES;
				CODE_SIGN_IDENTITY = "iPhone Developer";
				COPY_PHASE_STRIP = NO;
				DEBUG_INFORMATION_FORMAT = "dwarf-with-dsym";
				ENABLE_NS_ASSERTIONS = NO;
				ENABLE_STRICT_OBJC_MSGSEND = YES;
				GCC_C_LANGUAGE_STANDARD = gnu11;
				GCC_NO_COMMON_BLOCKS = YES;
				GCC_WARN_64_TO_32_BIT_CONVERSION = YES;
				GCC_WARN_ABOUT_RETURN_TYPE = YES_ERROR;
				GCC_WARN_UNDECLARED_SELECTOR = YES;
				GCC_WARN_UNINITIALIZED_AUTOS = YES_AGGRESSIVE;
				GCC_WARN_UNUSED_FUNCTION = YES;
				GCC_WARN_UNUSED_VARIABLE = YES;
				IPHONEOS_DEPLOYMENT_TARGET = 11.3;
				MTL_ENABLE_DEBUG_INFO = NO;
				SDKROOT = iphoneos;
				VALIDATE_PRODUCT = YES;
			};
			name = Release;
		};
		74B9DD162129F45800B79B15 /* Debug */ = {
			isa = XCBuildConfiguration;
			buildSettings = {
				ASSETCATALOG_COMPILER_APPICON_NAME = AppIcon;
				CODE_SIGN_STYLE = Automatic;
				INFOPLIST_FILE = testapp/Info.plist;
				LD_RUNPATH_SEARCH_PATHS = (
					"$(inherited)",
					"@executable_path/Frameworks",
				);
				PRODUCT_BUNDLE_IDENTIFIER = company.testapp;
				PRODUCT_NAME = "$(TARGET_NAME)";
				TARGETED_DEVICE_FAMILY = "1,2";
			};
			name = Debug;
		};
		74B9DD172129F45800B79B15 /* Release */ = {
			isa = XCBuildConfiguration;
			buildSettings = {
				ASSETCATALOG_COMPILER_APPICON_NAME = AppIcon;
				CODE_SIGN_STYLE = Automatic;
				INFOPLIST_FILE = testapp/Info.plist;
				LD_RUNPATH_SEARCH_PATHS = (
					"$(inherited)",
					"@executable_path/Frameworks",
				);
				PRODUCT_BUNDLE_IDENTIFIER = company.testapp;
				PRODUCT_NAME = "$(TARGET_NAME)";
				TARGETED_DEVICE_FAMILY = "1,2";
			};
			name = Release;
		};
		74B9DD192129F45800B79B15 /* Debug */ = {
			isa = XCBuildConfiguration;
			buildSettings = {
				BUNDLE_LOADER = "$(TEST_HOST)";
				CODE_SIGN_STYLE = Automatic;
				INFOPLIST_FILE = testappTests/Info.plist;
				LD_RUNPATH_SEARCH_PATHS = (
					"$(inherited)",
					"@executable_path/Frameworks",
					"@loader_path/Frameworks",
				);
				PRODUCT_BUNDLE_IDENTIFIER = company.testappTests;
				PRODUCT_NAME = "$(TARGET_NAME)";
				TARGETED_DEVICE_FAMILY = "1,2";
				TEST_HOST = "$(BUILT_PRODUCTS_DIR)/testapp.app/testapp";
			};
			name = Debug;
		};
		74B9DD1A2129F45800B79B15 /* Release */ = {
			isa = XCBuildConfiguration;
			buildSettings = {
				BUNDLE_LOADER = "$(TEST_HOST)";
				CODE_SIGN_STYLE = Automatic;
				INFOPLIST_FILE = testappTests/Info.plist;
				LD_RUNPATH_SEARCH_PATHS = (
					"$(inherited)",
					"@executable_path/Frameworks",
					"@loader_path/Frameworks",
				);
				PRODUCT_BUNDLE_IDENTIFIER = company.testappTests;
				PRODUCT_NAME = "$(TARGET_NAME)";
				TARGETED_DEVICE_FAMILY = "1,2";
				TEST_HOST = "$(BUILT_PRODUCTS_DIR)/testapp.app/testapp";
			};
			name = Release;
		};
		74B9DD1C2129F45800B79B15 /* Debug */ = {
			isa = XCBuildConfiguration;
			buildSettings = {
				CODE_SIGN_STYLE = Automatic;
				INFOPLIST_FILE = testappUITests/Info.plist;
				LD_RUNPATH_SEARCH_PATHS = (
					"$(inherited)",
					"@executable_path/Frameworks",
					"@loader_path/Frameworks",
				);
				PRODUCT_BUNDLE_IDENTIFIER = company.testappUITests;
				PRODUCT_NAME = "$(TARGET_NAME)";
				TARGETED_DEVICE_FAMILY = "1,2";
				TEST_TARGET_NAME = testapp;
			};
			name = Debug;
		};
		74B9DD1D2129F45800B79B15 /* Release */ = {
			isa = XCBuildConfiguration;
			buildSettings = {
				CODE_SIGN_STYLE = Automatic;
				INFOPLIST_FILE = testappUITests/Info.plist;
				LD_RUNPATH_SEARCH_PATHS = (
					"$(inherited)",
					"@executable_path/Frameworks",
					"@loader_path/Frameworks",
				);
				PRODUCT_BUNDLE_IDENTIFIER = company.testappUITests;
				PRODUCT_NAME = "$(TARGET_NAME)";
				TARGETED_DEVICE_FAMILY = "1,2";
				TEST_TARGET_NAME = testapp;
			};
			name = Release;
		};
/* End XCBuildConfiguration section */

/* Begin XCConfigurationList section */
		74B9DCE42129F45600B79B15 /* Build configuration list for PBXProject "testapp" */ = {
			isa = XCConfigurationList;
			buildConfigurations = (
				74B9DD132129F45800B79B15 /* Debug */,
				74B9DD142129F45800B79B15 /* Release */,
			);
			defaultConfigurationIsVisible = 0;
			defaultConfigurationName = Release;
		};
		74B9DD152129F45800B79B15 /* Build configuration list for PBXNativeTarget "testapp" */ = {
			isa = XCConfigurationList;
			buildConfigurations = (
				74B9DD162129F45800B79B15 /* Debug */,
				74B9DD172129F45800B79B15 /* Release */,
			);
			defaultConfigurationIsVisible = 0;
			defaultConfigurationName = Release;
		};
		74B9DD182129F45800B79B15 /* Build configuration list for PBXNativeTarget "testappTests" */ = {
			isa = XCConfigurationList;
			buildConfigurations = (
				74B9DD192129F45800B79B15 /* Debug */,
				74B9DD1A2129F45800B79B15 /* Release */,
			);
			defaultConfigurationIsVisible = 0;
			defaultConfigurationName = Release;
		};
		74B9DD1B2129F45800B79B15 /* Build configuration list for PBXNativeTarget "testappUITests" */ = {
			isa = XCConfigurationList;
			buildConfigurations = (
				74B9DD1C2129F45800B79B15 /* Debug */,
				74B9DD1D2129F45800B79B15 /* Release */,
			);
			defaultConfigurationIsVisible = 0;
			defaultConfigurationName = Release;
		};
/* End XCConfigurationList section */
	};
	rootObject = 74B9DCE12129F45600B79B15 /* Project object */;
}
